[{<<"antidote_pb">>,
  {git,"git://github.com/syncfree/antidote_pb",
       {ref,"d5b0ee7b74749ca786be50d3923ceacc5da3b3bd"}},
  0},
 {<<"bear">>,
  {git,"git://github.com/boundary/bear.git",
       {ref,"b1882d7ee88e775d961a2678e4fafecef7f77705"}},
  1},
 {<<"casbench">>,
  {git,"git://github.com/basho/casbench",
       {ref,"95ed55b494551577870984aeb1e0f683631a326f"}},
  0},
 {<<"erlcql">>,
  {git,"git://github.com/rpt/erlcql.git",
       {ref,"df9fe457b8728211ea6bd5cfbe4245139655bcac"}},
  0},
 {<<"folsom">>,
  {git,"git://github.com/basho/folsom.git",
       {ref,"b58f9396e4c2275562baf49890ac058fe77ac1ce"}},
  0},
 {<<"getopt">>,
  {git,"git://github.com/jcomellas/getopt",
       {ref,"69b51ebf337f41906045a606a151d9578751e1ff"}},
  0},
 {<<"goldrush">>,
  {git,"git://github.com/DeadZen/goldrush.git",
       {ref,"212299233c7e7eb63a97be2777e1c05ebaa58dbe"}},
  1},
 {<<"ibrowse">>,
  {git,"git://github.com/cmullaparthi/ibrowse.git",
       {ref,"302c824a8ade766bcb99f83015ba4ee96b9be156"}},
  0},
 {<<"lager">>,
  {git,"https://github.com/basho/lager",
       {ref,"8187757388c9adc915379caaab36a2f2ca26e944"}},
  0},
 {<<"lz4">>,
  {git,"https://github.com/szktty/erlang-lz4.git",
       {ref,"30878eafeff35939052c2cafe17d21c95029d3a1"}},
  1},
 {<<"meck">>,
  {git,"git://github.com/basho/meck.git",
       {ref,"dde759050eff19a1a80fd854d7375174b191665d"}},
  1},
 {<<"mochiweb">>,
  {git,"git://github.com/basho/mochiweb",
       {ref,"5e6e3e688dc9987a97e261431256e29671555c0b"}},
  0},
 {<<"proper">>,
  {git,"https://github.com/manopapad/proper.git",
       {ref,"498793c45f14e2b2a8c2c1e0f4fad13860bde062"}},
  1},
 {<<"protobuffs">>,
  {git,"git://github.com/basho/erlang_protobuffs.git",
       {ref,"0dde9d3b37b7bec3a4dfb0e87684dd7039e169ab"}},
  0},
 {<<"rand_compat">>,
  {git,"https://github.com/lasp-lang/rand_compat.git",
       {ref,"4f658110f57bfd1a3e966a7d65b23d5c8f868167"}},
  0},
 {<<"riak_pb">>,
  {git,"git://github.com/syncfree/riak_pb",
       {ref,"322309b2bb69b38191a51b21247a71b5e412e656"}},
  0},
 {<<"snappy">>,
  {git,"https://github.com/rpt/snappy.git",
       {ref,"95ce8e8074ca4a514ba8396d7f14e5ec572a8e45"}},
  1},
 {<<"time_compat">>,
  {git,"https://github.com/lasp-lang/time_compat.git",
       {ref,"6007f68892104ebb6fa2366cebf9d928d8856273"}},
  0}].
